// !$*UTF8*$!
{
	archiveVersion = 1;
	classes = {
	};
	objectVersion = 51;
	objects = {

/* Begin PBXBuildFile section */
		10465AD02493D7F600E21FDF /* Extensions.swift in Sources */ = {isa = PBXBuildFile; fileRef = 10465ACF2493D7F600E21FDF /* Extensions.swift */; };
		10465AD22493E76D00E21FDF /* PostImageCollectionViewModel.swift in Sources */ = {isa = PBXBuildFile; fileRef = 10465AD12493E76D00E21FDF /* PostImageCollectionViewModel.swift */; };
		10465AD42493E82500E21FDF /* PostImageCollectionViewCell.swift in Sources */ = {isa = PBXBuildFile; fileRef = 10465AD32493E82500E21FDF /* PostImageCollectionViewCell.swift */; };
		10465AD62494FA9700E21FDF /* Constants.swift in Sources */ = {isa = PBXBuildFile; fileRef = 10465AD52494FA9700E21FDF /* Constants.swift */; };
		10465AE2249506AB00E21FDF /* AnodaTestTests.swift in Sources */ = {isa = PBXBuildFile; fileRef = 10465AE1249506AB00E21FDF /* AnodaTestTests.swift */; };
		10465AEA249528BD00E21FDF /* test.json in Resources */ = {isa = PBXBuildFile; fileRef = 10465AE9249528BD00E21FDF /* test.json */; };
		10F68A992492814500AD27DC /* AppDelegate.swift in Sources */ = {isa = PBXBuildFile; fileRef = 10F68A982492814500AD27DC /* AppDelegate.swift */; };
		10F68A9B2492814500AD27DC /* SceneDelegate.swift in Sources */ = {isa = PBXBuildFile; fileRef = 10F68A9A2492814500AD27DC /* SceneDelegate.swift */; };
		10F68A9D2492814500AD27DC /* ViewController.swift in Sources */ = {isa = PBXBuildFile; fileRef = 10F68A9C2492814500AD27DC /* ViewController.swift */; };
		10F68AA02492814500AD27DC /* Main.storyboard in Resources */ = {isa = PBXBuildFile; fileRef = 10F68A9E2492814500AD27DC /* Main.storyboard */; };
		10F68AA22492814600AD27DC /* Assets.xcassets in Resources */ = {isa = PBXBuildFile; fileRef = 10F68AA12492814600AD27DC /* Assets.xcassets */; };
		10F68AA52492814600AD27DC /* LaunchScreen.storyboard in Resources */ = {isa = PBXBuildFile; fileRef = 10F68AA32492814600AD27DC /* LaunchScreen.storyboard */; };
		10F68AAD2492816100AD27DC /* generalData.json in Resources */ = {isa = PBXBuildFile; fileRef = 10F68AAC2492816100AD27DC /* generalData.json */; };
		10F68AAF2492816800AD27DC /* TableViewModel.swift in Sources */ = {isa = PBXBuildFile; fileRef = 10F68AAE2492816800AD27DC /* TableViewModel.swift */; };
		10F68AB12492816F00AD27DC /* GeneralDataManager.swift in Sources */ = {isa = PBXBuildFile; fileRef = 10F68AB02492816F00AD27DC /* GeneralDataManager.swift */; };
		10F68AB32492817500AD27DC /* TableViewPostCell.swift in Sources */ = {isa = PBXBuildFile; fileRef = 10F68AB22492817500AD27DC /* TableViewPostCell.swift */; };
		FD883E7C53CC49E1DDFB7D66 /* Pods_AnodaTest.framework in Frameworks */ = {isa = PBXBuildFile; fileRef = 284D7D1862B7BE7205A50CB0 /* Pods_AnodaTest.framework */; };
/* End PBXBuildFile section */

/* Begin PBXContainerItemProxy section */
		10465AE4249506AB00E21FDF /* PBXContainerItemProxy */ = {
			isa = PBXContainerItemProxy;
			containerPortal = 10F68A8D2492814500AD27DC /* Project object */;
			proxyType = 1;
			remoteGlobalIDString = 10F68A942492814500AD27DC;
			remoteInfo = AnodaTest;
		};
/* End PBXContainerItemProxy section */

/* Begin PBXFileReference section */
		10465ACF2493D7F600E21FDF /* Extensions.swift */ = {isa = PBXFileReference; lastKnownFileType = sourcecode.swift; path = Extensions.swift; sourceTree = "<group>"; };
		10465AD12493E76D00E21FDF /* PostImageCollectionViewModel.swift */ = {isa = PBXFileReference; lastKnownFileType = sourcecode.swift; path = PostImageCollectionViewModel.swift; sourceTree = "<group>"; };
		10465AD32493E82500E21FDF /* PostImageCollectionViewCell.swift */ = {isa = PBXFileReference; lastKnownFileType = sourcecode.swift; path = PostImageCollectionViewCell.swift; sourceTree = "<group>"; };
		10465AD52494FA9700E21FDF /* Constants.swift */ = {isa = PBXFileReference; lastKnownFileType = sourcecode.swift; path = Constants.swift; sourceTree = "<group>"; };
		10465ADF249506AB00E21FDF /* AnodaTestTests.xctest */ = {isa = PBXFileReference; explicitFileType = wrapper.cfbundle; includeInIndex = 0; path = AnodaTestTests.xctest; sourceTree = BUILT_PRODUCTS_DIR; };
		10465AE1249506AB00E21FDF /* AnodaTestTests.swift */ = {isa = PBXFileReference; lastKnownFileType = sourcecode.swift; path = AnodaTestTests.swift; sourceTree = "<group>"; };
		10465AE3249506AB00E21FDF /* Info.plist */ = {isa = PBXFileReference; lastKnownFileType = text.plist.xml; path = Info.plist; sourceTree = "<group>"; };
		10465AE9249528BD00E21FDF /* test.json */ = {isa = PBXFileReference; fileEncoding = 4; lastKnownFileType = text.json; path = test.json; sourceTree = "<group>"; };
		10F68A952492814500AD27DC /* AnodaTest.app */ = {isa = PBXFileReference; explicitFileType = wrapper.application; includeInIndex = 0; path = AnodaTest.app; sourceTree = BUILT_PRODUCTS_DIR; };
		10F68A982492814500AD27DC /* AppDelegate.swift */ = {isa = PBXFileReference; lastKnownFileType = sourcecode.swift; path = AppDelegate.swift; sourceTree = "<group>"; };
		10F68A9A2492814500AD27DC /* SceneDelegate.swift */ = {isa = PBXFileReference; lastKnownFileType = sourcecode.swift; path = SceneDelegate.swift; sourceTree = "<group>"; };
		10F68A9C2492814500AD27DC /* ViewController.swift */ = {isa = PBXFileReference; lastKnownFileType = sourcecode.swift; path = ViewController.swift; sourceTree = "<group>"; };
		10F68A9F2492814500AD27DC /* Base */ = {isa = PBXFileReference; lastKnownFileType = file.storyboard; name = Base; path = Base.lproj/Main.storyboard; sourceTree = "<group>"; };
		10F68AA12492814600AD27DC /* Assets.xcassets */ = {isa = PBXFileReference; lastKnownFileType = folder.assetcatalog; path = Assets.xcassets; sourceTree = "<group>"; };
		10F68AA42492814600AD27DC /* Base */ = {isa = PBXFileReference; lastKnownFileType = file.storyboard; name = Base; path = Base.lproj/LaunchScreen.storyboard; sourceTree = "<group>"; };
		10F68AA62492814600AD27DC /* Info.plist */ = {isa = PBXFileReference; lastKnownFileType = text.plist.xml; path = Info.plist; sourceTree = "<group>"; };
		10F68AAC2492816100AD27DC /* generalData.json */ = {isa = PBXFileReference; fileEncoding = 4; lastKnownFileType = text.json; path = generalData.json; sourceTree = "<group>"; };
		10F68AAE2492816800AD27DC /* TableViewModel.swift */ = {isa = PBXFileReference; fileEncoding = 4; lastKnownFileType = sourcecode.swift; path = TableViewModel.swift; sourceTree = "<group>"; };
		10F68AB02492816F00AD27DC /* GeneralDataManager.swift */ = {isa = PBXFileReference; fileEncoding = 4; lastKnownFileType = sourcecode.swift; path = GeneralDataManager.swift; sourceTree = "<group>"; };
		10F68AB22492817500AD27DC /* TableViewPostCell.swift */ = {isa = PBXFileReference; fileEncoding = 4; lastKnownFileType = sourcecode.swift; path = TableViewPostCell.swift; sourceTree = "<group>"; };
		284D7D1862B7BE7205A50CB0 /* Pods_AnodaTest.framework */ = {isa = PBXFileReference; explicitFileType = wrapper.framework; includeInIndex = 0; path = Pods_AnodaTest.framework; sourceTree = BUILT_PRODUCTS_DIR; };
		BD15AB9996ABDE9300958B7E /* Pods-AnodaTest.debug.xcconfig */ = {isa = PBXFileReference; includeInIndex = 1; lastKnownFileType = text.xcconfig; name = "Pods-AnodaTest.debug.xcconfig"; path = "Target Support Files/Pods-AnodaTest/Pods-AnodaTest.debug.xcconfig"; sourceTree = "<group>"; };
		D93AE96592E24A899AD3C51A /* Pods-AnodaTest.release.xcconfig */ = {isa = PBXFileReference; includeInIndex = 1; lastKnownFileType = text.xcconfig; name = "Pods-AnodaTest.release.xcconfig"; path = "Target Support Files/Pods-AnodaTest/Pods-AnodaTest.release.xcconfig"; sourceTree = "<group>"; };
/* End PBXFileReference section */

/* Begin PBXFrameworksBuildPhase section */
		10465ADC249506AB00E21FDF /* Frameworks */ = {
			isa = PBXFrameworksBuildPhase;
			buildActionMask = 2147483647;
			files = (
			);
			runOnlyForDeploymentPostprocessing = 0;
		};
		10F68A922492814500AD27DC /* Frameworks */ = {
			isa = PBXFrameworksBuildPhase;
			buildActionMask = 2147483647;
			files = (
				FD883E7C53CC49E1DDFB7D66 /* Pods_AnodaTest.framework in Frameworks */,
			);
			runOnlyForDeploymentPostprocessing = 0;
		};
/* End PBXFrameworksBuildPhase section */

/* Begin PBXGroup section */
		10465AD72495050500E21FDF /* Utilities */ = {
			isa = PBXGroup;
			children = (
				10465ACF2493D7F600E21FDF /* Extensions.swift */,
				10465AD52494FA9700E21FDF /* Constants.swift */,
				10F68AB02492816F00AD27DC /* GeneralDataManager.swift */,
			);
			path = Utilities;
			sourceTree = "<group>";
		};
		10465AD82495052A00E21FDF /* Model */ = {
			isa = PBXGroup;
			children = (
				10F68AAE2492816800AD27DC /* TableViewModel.swift */,
				10465AD12493E76D00E21FDF /* PostImageCollectionViewModel.swift */,
			);
			path = Model;
			sourceTree = "<group>";
		};
		10465AD92495057600E21FDF /* Cells */ = {
			isa = PBXGroup;
			children = (
				10465AD32493E82500E21FDF /* PostImageCollectionViewCell.swift */,
				10F68AB22492817500AD27DC /* TableViewPostCell.swift */,
			);
			path = Cells;
			sourceTree = "<group>";
		};
		10465ADA2495058600E21FDF /* DataSourse */ = {
			isa = PBXGroup;
			children = (
				10465AE9249528BD00E21FDF /* test.json */,
				10F68AAC2492816100AD27DC /* generalData.json */,
			);
			path = DataSourse;
			sourceTree = "<group>";
		};
		10465AE0249506AB00E21FDF /* AnodaTestTests */ = {
			isa = PBXGroup;
			children = (
				10465AE1249506AB00E21FDF /* AnodaTestTests.swift */,
				10465AE3249506AB00E21FDF /* Info.plist */,
			);
			path = AnodaTestTests;
			sourceTree = "<group>";
		};
		10F68A8C2492814500AD27DC = {
			isa = PBXGroup;
			children = (
				10F68A972492814500AD27DC /* AnodaTest */,
				10465AE0249506AB00E21FDF /* AnodaTestTests */,
				10F68A962492814500AD27DC /* Products */,
				27E57723D04D430B2E425E8B /* Pods */,
				FA73FCC774501F081C989C97 /* Frameworks */,
			);
			sourceTree = "<group>";
		};
		10F68A962492814500AD27DC /* Products */ = {
			isa = PBXGroup;
			children = (
				10F68A952492814500AD27DC /* AnodaTest.app */,
				10465ADF249506AB00E21FDF /* AnodaTestTests.xctest */,
			);
			name = Products;
			sourceTree = "<group>";
		};
		10F68A972492814500AD27DC /* AnodaTest */ = {
			isa = PBXGroup;
			children = (
				10F68A982492814500AD27DC /* AppDelegate.swift */,
				10F68A9A2492814500AD27DC /* SceneDelegate.swift */,
				10465ADA2495058600E21FDF /* DataSourse */,
				10465AD92495057600E21FDF /* Cells */,
				10465AD82495052A00E21FDF /* Model */,
				10465AD72495050500E21FDF /* Utilities */,
				10F68A9C2492814500AD27DC /* ViewController.swift */,
				10F68A9E2492814500AD27DC /* Main.storyboard */,
				10F68AA12492814600AD27DC /* Assets.xcassets */,
				10F68AA32492814600AD27DC /* LaunchScreen.storyboard */,
				10F68AA62492814600AD27DC /* Info.plist */,
			);
			path = AnodaTest;
			sourceTree = "<group>";
		};
		27E57723D04D430B2E425E8B /* Pods */ = {
			isa = PBXGroup;
			children = (
				BD15AB9996ABDE9300958B7E /* Pods-AnodaTest.debug.xcconfig */,
				D93AE96592E24A899AD3C51A /* Pods-AnodaTest.release.xcconfig */,
			);
			path = Pods;
			sourceTree = "<group>";
		};
		FA73FCC774501F081C989C97 /* Frameworks */ = {
			isa = PBXGroup;
			children = (
				284D7D1862B7BE7205A50CB0 /* Pods_AnodaTest.framework */,
			);
			name = Frameworks;
			sourceTree = "<group>";
		};
/* End PBXGroup section */

/* Begin PBXNativeTarget section */
		10465ADE249506AB00E21FDF /* AnodaTestTests */ = {
			isa = PBXNativeTarget;
			buildConfigurationList = 10465AE6249506AB00E21FDF /* Build configuration list for PBXNativeTarget "AnodaTestTests" */;
			buildPhases = (
				10465ADB249506AB00E21FDF /* Sources */,
				10465ADC249506AB00E21FDF /* Frameworks */,
				10465ADD249506AB00E21FDF /* Resources */,
			);
			buildRules = (
			);
			dependencies = (
				10465AE5249506AB00E21FDF /* PBXTargetDependency */,
			);
			name = AnodaTestTests;
			productName = AnodaTestTests;
			productReference = 10465ADF249506AB00E21FDF /* AnodaTestTests.xctest */;
			productType = "com.apple.product-type.bundle.unit-test";
		};
		10F68A942492814500AD27DC /* AnodaTest */ = {
			isa = PBXNativeTarget;
			buildConfigurationList = 10F68AA92492814600AD27DC /* Build configuration list for PBXNativeTarget "AnodaTest" */;
			buildPhases = (
				D53C327F4830FBE56DF91826 /* [CP] Check Pods Manifest.lock */,
				10F68A912492814500AD27DC /* Sources */,
				10F68A922492814500AD27DC /* Frameworks */,
				10F68A932492814500AD27DC /* Resources */,
				BC2F53AF90C5185A1EC330BF /* [CP] Embed Pods Frameworks */,
			);
			buildRules = (
			);
			dependencies = (
			);
			name = AnodaTest;
			productName = AnodaTest;
			productReference = 10F68A952492814500AD27DC /* AnodaTest.app */;
			productType = "com.apple.product-type.application";
		};
/* End PBXNativeTarget section */

/* Begin PBXProject section */
		10F68A8D2492814500AD27DC /* Project object */ = {
			isa = PBXProject;
			attributes = {
				LastSwiftUpdateCheck = 1150;
				LastUpgradeCheck = 1150;
				ORGANIZATIONNAME = "Steven Vovchyna";
				TargetAttributes = {
					10465ADE249506AB00E21FDF = {
						CreatedOnToolsVersion = 11.5;
						TestTargetID = 10F68A942492814500AD27DC;
					};
					10F68A942492814500AD27DC = {
						CreatedOnToolsVersion = 11.5;
					};
				};
			};
			buildConfigurationList = 10F68A902492814500AD27DC /* Build configuration list for PBXProject "AnodaTest" */;
			compatibilityVersion = "Xcode 9.3";
			developmentRegion = en;
			hasScannedForEncodings = 0;
			knownRegions = (
				en,
				Base,
			);
			mainGroup = 10F68A8C2492814500AD27DC;
			productRefGroup = 10F68A962492814500AD27DC /* Products */;
			projectDirPath = "";
			projectRoot = "";
			targets = (
				10F68A942492814500AD27DC /* AnodaTest */,
				10465ADE249506AB00E21FDF /* AnodaTestTests */,
			);
		};
/* End PBXProject section */

/* Begin PBXResourcesBuildPhase section */
		10465ADD249506AB00E21FDF /* Resources */ = {
			isa = PBXResourcesBuildPhase;
			buildActionMask = 2147483647;
			files = (
			);
			runOnlyForDeploymentPostprocessing = 0;
		};
		10F68A932492814500AD27DC /* Resources */ = {
			isa = PBXResourcesBuildPhase;
			buildActionMask = 2147483647;
			files = (
				10F68AAD2492816100AD27DC /* generalData.json in Resources */,
				10F68AA52492814600AD27DC /* LaunchScreen.storyboard in Resources */,
				10465AEA249528BD00E21FDF /* test.json in Resources */,
				10F68AA22492814600AD27DC /* Assets.xcassets in Resources */,
				10F68AA02492814500AD27DC /* Main.storyboard in Resources */,
			);
			runOnlyForDeploymentPostprocessing = 0;
		};
/* End PBXResourcesBuildPhase section */

/* Begin PBXShellScriptBuildPhase section */
		BC2F53AF90C5185A1EC330BF /* [CP] Embed Pods Frameworks */ = {
			isa = PBXShellScriptBuildPhase;
			buildActionMask = 2147483647;
			files = (
			);
			inputFileListPaths = (
				"${PODS_ROOT}/Target Support Files/Pods-AnodaTest/Pods-AnodaTest-frameworks-${CONFIGURATION}-input-files.xcfilelist",
			);
			name = "[CP] Embed Pods Frameworks";
			outputFileListPaths = (
				"${PODS_ROOT}/Target Support Files/Pods-AnodaTest/Pods-AnodaTest-frameworks-${CONFIGURATION}-output-files.xcfilelist",
			);
			runOnlyForDeploymentPostprocessing = 0;
			shellPath = /bin/sh;
			shellScript = "\"${PODS_ROOT}/Target Support Files/Pods-AnodaTest/Pods-AnodaTest-frameworks.sh\"\n";
			showEnvVarsInLog = 0;
		};
		D53C327F4830FBE56DF91826 /* [CP] Check Pods Manifest.lock */ = {
			isa = PBXShellScriptBuildPhase;
			buildActionMask = 2147483647;
			files = (
			);
			inputFileListPaths = (
			);
			inputPaths = (
				"${PODS_PODFILE_DIR_PATH}/Podfile.lock",
				"${PODS_ROOT}/Manifest.lock",
			);
			name = "[CP] Check Pods Manifest.lock";
			outputFileListPaths = (
			);
			outputPaths = (
				"$(DERIVED_FILE_DIR)/Pods-AnodaTest-checkManifestLockResult.txt",
			);
			runOnlyForDeploymentPostprocessing = 0;
			shellPath = /bin/sh;
			shellScript = "diff \"${PODS_PODFILE_DIR_PATH}/Podfile.lock\" \"${PODS_ROOT}/Manifest.lock\" > /dev/null\nif [ $? != 0 ] ; then\n    # print error to STDERR\n    echo \"error: The sandbox is not in sync with the Podfile.lock. Run 'pod install' or update your CocoaPods installation.\" >&2\n    exit 1\nfi\n# This output is used by Xcode 'outputs' to avoid re-running this script phase.\necho \"SUCCESS\" > \"${SCRIPT_OUTPUT_FILE_0}\"\n";
			showEnvVarsInLog = 0;
		};
/* End PBXShellScriptBuildPhase section */

/* Begin PBXSourcesBuildPhase section */
		10465ADB249506AB00E21FDF /* Sources */ = {
			isa = PBXSourcesBuildPhase;
			buildActionMask = 2147483647;
			files = (
				10465AE2249506AB00E21FDF /* AnodaTestTests.swift in Sources */,
			);
			runOnlyForDeploymentPostprocessing = 0;
		};
		10F68A912492814500AD27DC /* Sources */ = {
			isa = PBXSourcesBuildPhase;
			buildActionMask = 2147483647;
			files = (
				10F68A9D2492814500AD27DC /* ViewController.swift in Sources */,
				10F68A992492814500AD27DC /* AppDelegate.swift in Sources */,
				10F68A9B2492814500AD27DC /* SceneDelegate.swift in Sources */,
				10F68AB12492816F00AD27DC /* GeneralDataManager.swift in Sources */,
				10465AD42493E82500E21FDF /* PostImageCollectionViewCell.swift in Sources */,
				10465AD62494FA9700E21FDF /* Constants.swift in Sources */,
				10F68AAF2492816800AD27DC /* TableViewModel.swift in Sources */,
				10F68AB32492817500AD27DC /* TableViewPostCell.swift in Sources */,
				10465AD22493E76D00E21FDF /* PostImageCollectionViewModel.swift in Sources */,
				10465AD02493D7F600E21FDF /* Extensions.swift in Sources */,
			);
			runOnlyForDeploymentPostprocessing = 0;
		};
/* End PBXSourcesBuildPhase section */

/* Begin PBXTargetDependency section */
		10465AE5249506AB00E21FDF /* PBXTargetDependency */ = {
			isa = PBXTargetDependency;
			target = 10F68A942492814500AD27DC /* AnodaTest */;
			targetProxy = 10465AE4249506AB00E21FDF /* PBXContainerItemProxy */;
		};
/* End PBXTargetDependency section */

/* Begin PBXVariantGroup section */
		10F68A9E2492814500AD27DC /* Main.storyboard */ = {
			isa = PBXVariantGroup;
			children = (
				10F68A9F2492814500AD27DC /* Base */,
			);
			name = Main.storyboard;
			sourceTree = "<group>";
		};
		10F68AA32492814600AD27DC /* LaunchScreen.storyboard */ = {
			isa = PBXVariantGroup;
			children = (
				10F68AA42492814600AD27DC /* Base */,
			);
			name = LaunchScreen.storyboard;
			sourceTree = "<group>";
		};
/* End PBXVariantGroup section */

/* Begin XCBuildConfiguration section */
		10465AE7249506AB00E21FDF /* Debug */ = {
			isa = XCBuildConfiguration;
			buildSettings = {
				BUNDLE_LOADER = "$(TEST_HOST)";
				CODE_SIGN_STYLE = Automatic;
				DEVELOPMENT_TEAM = 68V7NHY2R5;
				INFOPLIST_FILE = AnodaTestTests/Info.plist;
				LD_RUNPATH_SEARCH_PATHS = (
					"$(inherited)",
					"@executable_path/Frameworks",
					"@loader_path/Frameworks",
				);
				PRODUCT_BUNDLE_IDENTIFIER = stevevovchyna.AnodaTestTests;
				PRODUCT_NAME = "$(TARGET_NAME)";
				SWIFT_VERSION = 5.0;
				TARGETED_DEVICE_FAMILY = "1,2";
				TEST_HOST = "$(BUILT_PRODUCTS_DIR)/AnodaTest.app/AnodaTest";
			};
			name = Debug;
		};
		10465AE8249506AB00E21FDF /* Release */ = {
			isa = XCBuildConfiguration;
			buildSettings = {
				BUNDLE_LOADER = "$(TEST_HOST)";
				CODE_SIGN_STYLE = Automatic;
				DEVELOPMENT_TEAM = 68V7NHY2R5;
				INFOPLIST_FILE = AnodaTestTests/Info.plist;
				LD_RUNPATH_SEARCH_PATHS = (
					"$(inherited)",
					"@executable_path/Frameworks",
					"@loader_path/Frameworks",
				);
				PRODUCT_BUNDLE_IDENTIFIER = stevevovchyna.AnodaTestTests;
				PRODUCT_NAME = "$(TARGET_NAME)";
				SWIFT_VERSION = 5.0;
				TARGETED_DEVICE_FAMILY = "1,2";
				TEST_HOST = "$(BUILT_PRODUCTS_DIR)/AnodaTest.app/AnodaTest";
			};
			name = Release;
		};
		10F68AA72492814600AD27DC /* Debug */ = {
			isa = XCBuildConfiguration;
			buildSettings = {
				ALWAYS_SEARCH_USER_PATHS = NO;
				CLANG_ANALYZER_NONNULL = YES;
				CLANG_ANALYZER_NUMBER_OBJECT_CONVERSION = YES_AGGRESSIVE;
				CLANG_CXX_LANGUAGE_STANDARD = "gnu++14";
				CLANG_CXX_LIBRARY = "libc++";
				CLANG_ENABLE_MODULES = YES;
				CLANG_ENABLE_OBJC_ARC = YES;
				CLANG_ENABLE_OBJC_WEAK = YES;
				CLANG_WARN_BLOCK_CAPTURE_AUTORELEASING = YES;
				CLANG_WARN_BOOL_CONVERSION = YES;
				CLANG_WARN_COMMA = YES;
				CLANG_WARN_CONSTANT_CONVERSION = YES;
				CLANG_WARN_DEPRECATED_OBJC_IMPLEMENTATIONS = YES;
				CLANG_WARN_DIRECT_OBJC_ISA_USAGE = YES_ERROR;
				CLANG_WARN_DOCUMENTATION_COMMENTS = YES;
				CLANG_WARN_EMPTY_BODY = YES;
				CLANG_WARN_ENUM_CONVERSION = YES;
				CLANG_WARN_INFINITE_RECURSION = YES;
				CLANG_WARN_INT_CONVERSION = YES;
				CLANG_WARN_NON_LITERAL_NULL_CONVERSION = YES;
				CLANG_WARN_OBJC_IMPLICIT_RETAIN_SELF = YES;
				CLANG_WARN_OBJC_LITERAL_CONVERSION = YES;
				CLANG_WARN_OBJC_ROOT_CLASS = YES_ERROR;
				CLANG_WARN_RANGE_LOOP_ANALYSIS = YES;
				CLANG_WARN_STRICT_PROTOTYPES = YES;
				CLANG_WARN_SUSPICIOUS_MOVE = YES;
				CLANG_WARN_UNGUARDED_AVAILABILITY = YES_AGGRESSIVE;
				CLANG_WARN_UNREACHABLE_CODE = YES;
				CLANG_WARN__DUPLICATE_METHOD_MATCH = YES;
				COPY_PHASE_STRIP = NO;
				DEBUG_INFORMATION_FORMAT = dwarf;
				ENABLE_STRICT_OBJC_MSGSEND = YES;
				ENABLE_TESTABILITY = YES;
				GCC_C_LANGUAGE_STANDARD = gnu11;
				GCC_DYNAMIC_NO_PIC = NO;
				GCC_NO_COMMON_BLOCKS = YES;
				GCC_OPTIMIZATION_LEVEL = 0;
				GCC_PREPROCESSOR_DEFINITIONS = (
					"DEBUG=1",
					"$(inherited)",
				);
				GCC_WARN_64_TO_32_BIT_CONVERSION = YES;
				GCC_WARN_ABOUT_RETURN_TYPE = YES_ERROR;
				GCC_WARN_UNDECLARED_SELECTOR = YES;
				GCC_WARN_UNINITIALIZED_AUTOS = YES_AGGRESSIVE;
				GCC_WARN_UNUSED_FUNCTION = YES;
				GCC_WARN_UNUSED_VARIABLE = YES;
				IPHONEOS_DEPLOYMENT_TARGET = 13.5;
				MTL_ENABLE_DEBUG_INFO = INCLUDE_SOURCE;
				MTL_FAST_MATH = YES;
				ONLY_ACTIVE_ARCH = YES;
				SDKROOT = iphoneos;
				SWIFT_ACTIVE_COMPILATION_CONDITIONS = DEBUG;
				SWIFT_OPTIMIZATION_LEVEL = "-Onone";
			};
			name = Debug;
		};
		10F68AA82492814600AD27DC /* Release */ = {
			isa = XCBuildConfiguration;
			buildSettings = {
				ALWAYS_SEARCH_USER_PATHS = NO;
				CLANG_ANALYZER_NONNULL = YES;
				CLANG_ANALYZER_NUMBER_OBJECT_CONVERSION = YES_AGGRESSIVE;
				CLANG_CXX_LANGUAGE_STANDARD = "gnu++14";
				CLANG_CXX_LIBRARY = "libc++";
				CLANG_ENABLE_MODULES = YES;
				CLANG_ENABLE_OBJC_ARC = YES;
				CLANG_ENABLE_OBJC_WEAK = YES;
				CLANG_WARN_BLOCK_CAPTURE_AUTORELEASING = YES;
				CLANG_WARN_BOOL_CONVERSION = YES;
				CLANG_WARN_COMMA = YES;
				CLANG_WARN_CONSTANT_CONVERSION = YES;
				CLANG_WARN_DEPRECATED_OBJC_IMPLEMENTATIONS = YES;
				CLANG_WARN_DIRECT_OBJC_ISA_USAGE = YES_ERROR;
				CLANG_WARN_DOCUMENTATION_COMMENTS = YES;
				CLANG_WARN_EMPTY_BODY = YES;
				CLANG_WARN_ENUM_CONVERSION = YES;
				CLANG_WARN_INFINITE_RECURSION = YES;
				CLANG_WARN_INT_CONVERSION = YES;
				CLANG_WARN_NON_LITERAL_NULL_CONVERSION = YES;
				CLANG_WARN_OBJC_IMPLICIT_RETAIN_SELF = YES;
				CLANG_WARN_OBJC_LITERAL_CONVERSION = YES;
				CLANG_WARN_OBJC_ROOT_CLASS = YES_ERROR;
				CLANG_WARN_RANGE_LOOP_ANALYSIS = YES;
				CLANG_WARN_STRICT_PROTOTYPES = YES;
				CLANG_WARN_SUSPICIOUS_MOVE = YES;
				CLANG_WARN_UNGUARDED_AVAILABILITY = YES_AGGRESSIVE;
				CLANG_WARN_UNREACHABLE_CODE = YES;
				CLANG_WARN__DUPLICATE_METHOD_MATCH = YES;
				COPY_PHASE_STRIP = NO;
				DEBUG_INFORMATION_FORMAT = "dwarf-with-dsym";
				ENABLE_NS_ASSERTIONS = NO;
				ENABLE_STRICT_OBJC_MSGSEND = YES;
				GCC_C_LANGUAGE_STANDARD = gnu11;
				GCC_NO_COMMON_BLOCKS = YES;
				GCC_WARN_64_TO_32_BIT_CONVERSION = YES;
				GCC_WARN_ABOUT_RETURN_TYPE = YES_ERROR;
				GCC_WARN_UNDECLARED_SELECTOR = YES;
				GCC_WARN_UNINITIALIZED_AUTOS = YES_AGGRESSIVE;
				GCC_WARN_UNUSED_FUNCTION = YES;
				GCC_WARN_UNUSED_VARIABLE = YES;
				IPHONEOS_DEPLOYMENT_TARGET = 13.5;
				MTL_ENABLE_DEBUG_INFO = NO;
				MTL_FAST_MATH = YES;
				SDKROOT = iphoneos;
				SWIFT_COMPILATION_MODE = wholemodule;
				SWIFT_OPTIMIZATION_LEVEL = "-O";
				VALIDATE_PRODUCT = YES;
			};
			name = Release;
		};
		10F68AAA2492814600AD27DC /* Debug */ = {
			isa = XCBuildConfiguration;
			baseConfigurationReference = BD15AB9996ABDE9300958B7E /* Pods-AnodaTest.debug.xcconfig */;
			buildSettings = {
				ASSETCATALOG_COMPILER_APPICON_NAME = AppIcon;
				CODE_SIGN_STYLE = Automatic;
				DEVELOPMENT_TEAM = 68V7NHY2R5;
				INFOPLIST_FILE = AnodaTest/Info.plist;
				LD_RUNPATH_SEARCH_PATHS = (
					"$(inherited)",
					"@executable_path/Frameworks",
				);
				PRODUCT_BUNDLE_IDENTIFIER = stevevovchyna.AnodaTest;
				PRODUCT_NAME = "$(TARGET_NAME)";
				SWIFT_VERSION = 5.0;
				TARGETED_DEVICE_FAMILY = 1;
			};
			name = Debug;
		};
		10F68AAB2492814600AD27DC /* Release */ = {
			isa = XCBuildConfiguration;
			baseConfigurationReference = D93AE96592E24A899AD3C51A /* Pods-AnodaTest.release.xcconfig */;
			buildSettings = {
				ASSETCATALOG_COMPILER_APPICON_NAME = AppIcon;
				CODE_SIGN_STYLE = Automatic;
				DEVELOPMENT_TEAM = 68V7NHY2R5;
				INFOPLIST_FILE = AnodaTest/Info.plist;
				LD_RUNPATH_SEARCH_PATHS = (
					"$(inherited)",
					"@executable_path/Frameworks",
				);
				PRODUCT_BUNDLE_IDENTIFIER = stevevovchyna.AnodaTest;
				PRODUCT_NAME = "$(TARGET_NAME)";
				SWIFT_VERSION = 5.0;
				TARGETED_DEVICE_FAMILY = 1;
			};
			name = Release;
		};
/* End XCBuildConfiguration section */

/* Begin XCConfigurationList section */
		10465AE6249506AB00E21FDF /* Build configuration list for PBXNativeTarget "AnodaTestTests" */ = {
			isa = XCConfigurationList;
			buildConfigurations = (
				10465AE7249506AB00E21FDF /* Debug */,
				10465AE8249506AB00E21FDF /* Release */,
			);
			defaultConfigurationIsVisible = 0;
			defaultConfigurationName = Release;
		};
		10F68A902492814500AD27DC /* Build configuration list for PBXProject "AnodaTest" */ = {
			isa = XCConfigurationList;
			buildConfigurations = (
				10F68AA72492814600AD27DC /* Debug */,
				10F68AA82492814600AD27DC /* Release */,
			);
			defaultConfigurationIsVisible = 0;
			defaultConfigurationName = Release;
		};
		10F68AA92492814600AD27DC /* Build configuration list for PBXNativeTarget "AnodaTest" */ = {
			isa = XCConfigurationList;
			buildConfigurations = (
				10F68AAA2492814600AD27DC /* Debug */,
				10F68AAB2492814600AD27DC /* Release */,
			);
			defaultConfigurationIsVisible = 0;
			defaultConfigurationName = Release;
		};
/* End XCConfigurationList section */
	};
	rootObject = 10F68A8D2492814500AD27DC /* Project object */;
}
